
Microsoft Visual Studio Solution File, Format Version 12.00
# Visual Studio Version 17
VisualStudioVersion = 17.9.34622.214
MinimumVisualStudioVersion = 10.0.40219.1
Project("{2150E333-8FDC-42A3-9474-1A3956D46DE8}") = "1-Presentation", "1-Presentation", "{BE0DD283-92D5-4444-B172-2F3582E38D8E}"
EndProject
Project("{2150E333-8FDC-42A3-9474-1A3956D46DE8}") = "2-ApplicationCore", "2-ApplicationCore", "{A0660300-5787-4DCB-A0B1-342B72581443}"
EndProject
Project("{2150E333-8FDC-42A3-9474-1A3956D46DE8}") = "3-Domain", "3-Domain", "{53E895E0-0781-4EE6-B836-1D4969AF8960}"
EndProject
Project("{FAE04EC0-301F-11D3-BF4B-00C04F79EFBC}") = "ChatZone.WebUI", "ChatZone.WebUI\ChatZone.WebUI.csproj", "{7C2EBF28-BC8B-4C22-B3B6-176E3EA1E203}"
EndProject
Project("{FAE04EC0-301F-11D3-BF4B-00C04F79EFBC}") = "ChatZone.ApplicationCore", "ChatZone.ApplicationCore\ChatZone.ApplicationCore.csproj", "{5E69DDEA-A732-4EEB-AFC0-98533314B616}"
EndProject
Project("{FAE04EC0-301F-11D3-BF4B-00C04F79EFBC}") = "ChatZone.Domain", "ChatZone.Domain\ChatZone.Domain.csproj", "{881230BD-09C0-4CDE-97CB-8F6558D9D3FC}"
EndProject
Global
	GlobalSection(SolutionConfigurationPlatforms) = preSolution
		Debug|Any CPU = Debug|Any CPU
		Release|Any CPU = Release|Any CPU
	EndGlobalSection
	GlobalSection(ProjectConfigurationPlatforms) = postSolution
		{7C2EBF28-BC8B-4C22-B3B6-176E3EA1E203}.Debug|Any CPU.ActiveCfg = Debug|Any CPU
		{7C2EBF28-BC8B-4C22-B3B6-176E3EA1E203}.Debug|Any CPU.Build.0 = Debug|Any CPU
		{7C2EBF28-BC8B-4C22-B3B6-176E3EA1E203}.Release|Any CPU.ActiveCfg = Release|Any CPU
		{7C2EBF28-BC8B-4C22-B3B6-176E3EA1E203}.Release|Any CPU.Build.0 = Release|Any CPU
		{5E69DDEA-A732-4EEB-AFC0-98533314B616}.Debug|Any CPU.ActiveCfg = Debug|Any CPU
		{5E69DDEA-A732-4EEB-AFC0-98533314B616}.Debug|Any CPU.Build.0 = Debug|Any CPU
		{5E69DDEA-A732-4EEB-AFC0-98533314B616}.Release|Any CPU.ActiveCfg = Release|Any CPU
		{5E69DDEA-A732-4EEB-AFC0-98533314B616}.Release|Any CPU.Build.0 = Release|Any CPU
		{881230BD-09C0-4CDE-97CB-8F6558D9D3FC}.Debug|Any CPU.ActiveCfg = Debug|Any CPU
		{881230BD-09C0-4CDE-97CB-8F6558D9D3FC}.Debug|Any CPU.Build.0 = Debug|Any CPU
		{881230BD-09C0-4CDE-97CB-8F6558D9D3FC}.Release|Any CPU.ActiveCfg = Release|Any CPU
		{881230BD-09C0-4CDE-97CB-8F6558D9D3FC}.Release|Any CPU.Build.0 = Release|Any CPU
	EndGlobalSection
	GlobalSection(SolutionProperties) = preSolution
		HideSolutionNode = FALSE
	EndGlobalSection
	GlobalSection(NestedProjects) = preSolution
		{7C2EBF28-BC8B-4C22-B3B6-176E3EA1E203} = {BE0DD283-92D5-4444-B172-2F3582E38D8E}
		{5E69DDEA-A732-4EEB-AFC0-98533314B616} = {A0660300-5787-4DCB-A0B1-342B72581443}
		{881230BD-09C0-4CDE-97CB-8F6558D9D3FC} = {53E895E0-0781-4EE6-B836-1D4969AF8960}
	EndGlobalSection
	GlobalSection(ExtensibilityGlobals) = postSolution
		SolutionGuid = {E4B8A007-34F8-4B52-AEA1-9CE7B44A9FBC}
	EndGlobalSection
EndGlobal
